
Microsoft Visual Studio Solution File, Format Version 12.00
# Visual Studio Version 17
VisualStudioVersion = 17.6.33815.320
MinimumVisualStudioVersion = 10.0.40219.1
Project("{FAE04EC0-301F-11D3-BF4B-00C04F79EFBC}") = "WpfApp1", "WpfApp1\WpfApp1.csproj", "{74AC897F-38DB-49B4-8454-D4E39E6D783C}"
EndProject
Global
	GlobalSection(SolutionConfigurationPlatforms) = preSolution
		Debug|Any CPU = Debug|Any CPU
		Release|Any CPU = Release|Any CPU
	EndGlobalSection
	GlobalSection(ProjectConfigurationPlatforms) = postSolution
		{74AC897F-38DB-49B4-8454-D4E39E6D783C}.Debug|Any CPU.ActiveCfg = Debug|Any CPU
		{74AC897F-38DB-49B4-8454-D4E39E6D783C}.Debug|Any CPU.Build.0 = Debug|Any CPU
		{74AC897F-38DB-49B4-8454-D4E39E6D783C}.Release|Any CPU.ActiveCfg = Release|Any CPU
		{74AC897F-38DB-49B4-8454-D4E39E6D783C}.Release|Any CPU.Build.0 = Release|Any CPU
	EndGlobalSection
	GlobalSection(SolutionProperties) = preSolution
		HideSolutionNode = FALSE
	EndGlobalSection
	GlobalSection(ExtensibilityGlobals) = postSolution
		SolutionGuid = {DBE85C17-3C13-4C1A-8556-815C224634A0}
	EndGlobalSection
EndGlobal
